
Microsoft Visual Studio Solution File, Format Version 12.00
# Visual Studio 15
VisualStudioVersion = 15.0.26124.0
MinimumVisualStudioVersion = 15.0.26124.0
Project("{2150E333-8FDC-42A3-9474-1A3956D46DE8}") = "src", "src", "{B1CABA62-D77E-4EC6-A14C-29F4B1D160E8}"
EndProject
Project("{FAE04EC0-301F-11D3-BF4B-00C04F79EFBC}") = "Sicaab.Core", "src\Sicaab.Core\Sicaab.Core.csproj", "{AD634116-6703-4E59-B8A7-6120CF61E552}"
EndProject
Project("{FAE04EC0-301F-11D3-BF4B-00C04F79EFBC}") = "Sicaab.Infrastructure", "src\Sicaab.Infrastructure\Sicaab.Infrastructure.csproj", "{7C2B15D1-1BB7-4860-A32E-22DD7E17E39E}"
EndProject
Project("{FAE04EC0-301F-11D3-BF4B-00C04F79EFBC}") = "Sicaab.Web", "src\Sicaab.Web\Sicaab.Web.csproj", "{0384D049-A741-4CF0-8E65-24D7722AAFB0}"
EndProject
Global
	GlobalSection(SolutionConfigurationPlatforms) = preSolution
		Debug|Any CPU = Debug|Any CPU
		Debug|x64 = Debug|x64
		Debug|x86 = Debug|x86
		Release|Any CPU = Release|Any CPU
		Release|x64 = Release|x64
		Release|x86 = Release|x86
	EndGlobalSection
	GlobalSection(SolutionProperties) = preSolution
		HideSolutionNode = FALSE
	EndGlobalSection
	GlobalSection(ProjectConfigurationPlatforms) = postSolution
		{AD634116-6703-4E59-B8A7-6120CF61E552}.Debug|Any CPU.ActiveCfg = Debug|Any CPU
		{AD634116-6703-4E59-B8A7-6120CF61E552}.Debug|Any CPU.Build.0 = Debug|Any CPU
		{AD634116-6703-4E59-B8A7-6120CF61E552}.Debug|x64.ActiveCfg = Debug|Any CPU
		{AD634116-6703-4E59-B8A7-6120CF61E552}.Debug|x64.Build.0 = Debug|Any CPU
		{AD634116-6703-4E59-B8A7-6120CF61E552}.Debug|x86.ActiveCfg = Debug|Any CPU
		{AD634116-6703-4E59-B8A7-6120CF61E552}.Debug|x86.Build.0 = Debug|Any CPU
		{AD634116-6703-4E59-B8A7-6120CF61E552}.Release|Any CPU.ActiveCfg = Release|Any CPU
		{AD634116-6703-4E59-B8A7-6120CF61E552}.Release|Any CPU.Build.0 = Release|Any CPU
		{AD634116-6703-4E59-B8A7-6120CF61E552}.Release|x64.ActiveCfg = Release|Any CPU
		{AD634116-6703-4E59-B8A7-6120CF61E552}.Release|x64.Build.0 = Release|Any CPU
		{AD634116-6703-4E59-B8A7-6120CF61E552}.Release|x86.ActiveCfg = Release|Any CPU
		{AD634116-6703-4E59-B8A7-6120CF61E552}.Release|x86.Build.0 = Release|Any CPU
		{7C2B15D1-1BB7-4860-A32E-22DD7E17E39E}.Debug|Any CPU.ActiveCfg = Debug|Any CPU
		{7C2B15D1-1BB7-4860-A32E-22DD7E17E39E}.Debug|Any CPU.Build.0 = Debug|Any CPU
		{7C2B15D1-1BB7-4860-A32E-22DD7E17E39E}.Debug|x64.ActiveCfg = Debug|Any CPU
		{7C2B15D1-1BB7-4860-A32E-22DD7E17E39E}.Debug|x64.Build.0 = Debug|Any CPU
		{7C2B15D1-1BB7-4860-A32E-22DD7E17E39E}.Debug|x86.ActiveCfg = Debug|Any CPU
		{7C2B15D1-1BB7-4860-A32E-22DD7E17E39E}.Debug|x86.Build.0 = Debug|Any CPU
		{7C2B15D1-1BB7-4860-A32E-22DD7E17E39E}.Release|Any CPU.ActiveCfg = Release|Any CPU
		{7C2B15D1-1BB7-4860-A32E-22DD7E17E39E}.Release|Any CPU.Build.0 = Release|Any CPU
		{7C2B15D1-1BB7-4860-A32E-22DD7E17E39E}.Release|x64.ActiveCfg = Release|Any CPU
		{7C2B15D1-1BB7-4860-A32E-22DD7E17E39E}.Release|x64.Build.0 = Release|Any CPU
		{7C2B15D1-1BB7-4860-A32E-22DD7E17E39E}.Release|x86.ActiveCfg = Release|Any CPU
		{7C2B15D1-1BB7-4860-A32E-22DD7E17E39E}.Release|x86.Build.0 = Release|Any CPU
		{0384D049-A741-4CF0-8E65-24D7722AAFB0}.Debug|Any CPU.ActiveCfg = Debug|Any CPU
		{0384D049-A741-4CF0-8E65-24D7722AAFB0}.Debug|Any CPU.Build.0 = Debug|Any CPU
		{0384D049-A741-4CF0-8E65-24D7722AAFB0}.Debug|x64.ActiveCfg = Debug|Any CPU
		{0384D049-A741-4CF0-8E65-24D7722AAFB0}.Debug|x64.Build.0 = Debug|Any CPU
		{0384D049-A741-4CF0-8E65-24D7722AAFB0}.Debug|x86.ActiveCfg = Debug|Any CPU
		{0384D049-A741-4CF0-8E65-24D7722AAFB0}.Debug|x86.Build.0 = Debug|Any CPU
		{0384D049-A741-4CF0-8E65-24D7722AAFB0}.Release|Any CPU.ActiveCfg = Release|Any CPU
		{0384D049-A741-4CF0-8E65-24D7722AAFB0}.Release|Any CPU.Build.0 = Release|Any CPU
		{0384D049-A741-4CF0-8E65-24D7722AAFB0}.Release|x64.ActiveCfg = Release|Any CPU
		{0384D049-A741-4CF0-8E65-24D7722AAFB0}.Release|x64.Build.0 = Release|Any CPU
		{0384D049-A741-4CF0-8E65-24D7722AAFB0}.Release|x86.ActiveCfg = Release|Any CPU
		{0384D049-A741-4CF0-8E65-24D7722AAFB0}.Release|x86.Build.0 = Release|Any CPU
	EndGlobalSection
	GlobalSection(NestedProjects) = preSolution
		{AD634116-6703-4E59-B8A7-6120CF61E552} = {B1CABA62-D77E-4EC6-A14C-29F4B1D160E8}
		{7C2B15D1-1BB7-4860-A32E-22DD7E17E39E} = {B1CABA62-D77E-4EC6-A14C-29F4B1D160E8}
		{0384D049-A741-4CF0-8E65-24D7722AAFB0} = {B1CABA62-D77E-4EC6-A14C-29F4B1D160E8}
	EndGlobalSection
EndGlobal
